
Microsoft Visual Studio Solution File, Format Version 12.00
# Visual Studio Version 16
VisualStudioVersion = 16.0.30907.101
MinimumVisualStudioVersion = 15.0.26124.0
Project("{2150E333-8FDC-42A3-9474-1A3956D46DE8}") = "src", "src", "{4D57C22E-111C-44C8-B7FB-4317929E2B32}"
EndProject
Project("{9A19103F-16F7-4668-BE54-9A1E7A4F7556}") = "Core", "src\Core\Core.csproj", "{95D331DA-A681-4C89-92D7-5895B34159C1}"
EndProject
Project("{9A19103F-16F7-4668-BE54-9A1E7A4F7556}") = "JsonWebKeyCreator.ConsoleApp", "src\JsonWebKeyCreator.ConsoleApp\JsonWebKeyCreator.ConsoleApp.csproj", "{29EEFE81-5BC4-4B08-A819-8249D5F04FD1}"
EndProject
Project("{9A19103F-16F7-4668-BE54-9A1E7A4F7556}") = "RsaSecurityKeys", "src\RsaSecurityKeys\RsaSecurityKeys.csproj", "{375679DB-3D6D-475F-9568-6D22169258FC}"
EndProject
Project("{9A19103F-16F7-4668-BE54-9A1E7A4F7556}") = "Pem", "src\Pem\Pem.csproj", "{ADBD2E3B-589C-4B99-A42C-BD72EACDEA1B}"
EndProject
Project("{9A19103F-16F7-4668-BE54-9A1E7A4F7556}") = "JsonWebKeys", "src\JsonWebKeys\JsonWebKeys.csproj", "{75B9B03B-F70E-44C4-9B5D-047F17AC7757}"
EndProject
Project("{2150E333-8FDC-42A3-9474-1A3956D46DE8}") = "Apps", "Apps", "{3C2FE806-4D11-4B59-AEA4-767BD96BF82B}"
EndProject
Project("{2150E333-8FDC-42A3-9474-1A3956D46DE8}") = "Solution Items", "Solution Items", "{D41A40CB-BB4E-4392-B206-B8AF449AB66A}"
	ProjectSection(SolutionItems) = preProject
		.gitignore = .gitignore
		README.md = README.md
	EndProjectSection
EndProject
Global
	GlobalSection(SolutionConfigurationPlatforms) = preSolution
		Debug|Any CPU = Debug|Any CPU
		Debug|x64 = Debug|x64
		Debug|x86 = Debug|x86
		Release|Any CPU = Release|Any CPU
		Release|x64 = Release|x64
		Release|x86 = Release|x86
	EndGlobalSection
	GlobalSection(ProjectConfigurationPlatforms) = postSolution
		{95D331DA-A681-4C89-92D7-5895B34159C1}.Debug|Any CPU.ActiveCfg = Debug|Any CPU
		{95D331DA-A681-4C89-92D7-5895B34159C1}.Debug|Any CPU.Build.0 = Debug|Any CPU
		{95D331DA-A681-4C89-92D7-5895B34159C1}.Debug|x64.ActiveCfg = Debug|Any CPU
		{95D331DA-A681-4C89-92D7-5895B34159C1}.Debug|x64.Build.0 = Debug|Any CPU
		{95D331DA-A681-4C89-92D7-5895B34159C1}.Debug|x86.ActiveCfg = Debug|Any CPU
		{95D331DA-A681-4C89-92D7-5895B34159C1}.Debug|x86.Build.0 = Debug|Any CPU
		{95D331DA-A681-4C89-92D7-5895B34159C1}.Release|Any CPU.ActiveCfg = Release|Any CPU
		{95D331DA-A681-4C89-92D7-5895B34159C1}.Release|Any CPU.Build.0 = Release|Any CPU
		{95D331DA-A681-4C89-92D7-5895B34159C1}.Release|x64.ActiveCfg = Release|Any CPU
		{95D331DA-A681-4C89-92D7-5895B34159C1}.Release|x64.Build.0 = Release|Any CPU
		{95D331DA-A681-4C89-92D7-5895B34159C1}.Release|x86.ActiveCfg = Release|Any CPU
		{95D331DA-A681-4C89-92D7-5895B34159C1}.Release|x86.Build.0 = Release|Any CPU
		{29EEFE81-5BC4-4B08-A819-8249D5F04FD1}.Debug|Any CPU.ActiveCfg = Debug|Any CPU
		{29EEFE81-5BC4-4B08-A819-8249D5F04FD1}.Debug|Any CPU.Build.0 = Debug|Any CPU
		{29EEFE81-5BC4-4B08-A819-8249D5F04FD1}.Debug|x64.ActiveCfg = Debug|Any CPU
		{29EEFE81-5BC4-4B08-A819-8249D5F04FD1}.Debug|x64.Build.0 = Debug|Any CPU
		{29EEFE81-5BC4-4B08-A819-8249D5F04FD1}.Debug|x86.ActiveCfg = Debug|Any CPU
		{29EEFE81-5BC4-4B08-A819-8249D5F04FD1}.Debug|x86.Build.0 = Debug|Any CPU
		{29EEFE81-5BC4-4B08-A819-8249D5F04FD1}.Release|Any CPU.ActiveCfg = Release|Any CPU
		{29EEFE81-5BC4-4B08-A819-8249D5F04FD1}.Release|Any CPU.Build.0 = Release|Any CPU
		{29EEFE81-5BC4-4B08-A819-8249D5F04FD1}.Release|x64.ActiveCfg = Release|Any CPU
		{29EEFE81-5BC4-4B08-A819-8249D5F04FD1}.Release|x64.Build.0 = Release|Any CPU
		{29EEFE81-5BC4-4B08-A819-8249D5F04FD1}.Release|x86.ActiveCfg = Release|Any CPU
		{29EEFE81-5BC4-4B08-A819-8249D5F04FD1}.Release|x86.Build.0 = Release|Any CPU
		{375679DB-3D6D-475F-9568-6D22169258FC}.Debug|Any CPU.ActiveCfg = Debug|Any CPU
		{375679DB-3D6D-475F-9568-6D22169258FC}.Debug|Any CPU.Build.0 = Debug|Any CPU
		{375679DB-3D6D-475F-9568-6D22169258FC}.Debug|x64.ActiveCfg = Debug|Any CPU
		{375679DB-3D6D-475F-9568-6D22169258FC}.Debug|x64.Build.0 = Debug|Any CPU
		{375679DB-3D6D-475F-9568-6D22169258FC}.Debug|x86.ActiveCfg = Debug|Any CPU
		{375679DB-3D6D-475F-9568-6D22169258FC}.Debug|x86.Build.0 = Debug|Any CPU
		{375679DB-3D6D-475F-9568-6D22169258FC}.Release|Any CPU.ActiveCfg = Release|Any CPU
		{375679DB-3D6D-475F-9568-6D22169258FC}.Release|Any CPU.Build.0 = Release|Any CPU
		{375679DB-3D6D-475F-9568-6D22169258FC}.Release|x64.ActiveCfg = Release|Any CPU
		{375679DB-3D6D-475F-9568-6D22169258FC}.Release|x64.Build.0 = Release|Any CPU
		{375679DB-3D6D-475F-9568-6D22169258FC}.Release|x86.ActiveCfg = Release|Any CPU
		{375679DB-3D6D-475F-9568-6D22169258FC}.Release|x86.Build.0 = Release|Any CPU
		{ADBD2E3B-589C-4B99-A42C-BD72EACDEA1B}.Debug|Any CPU.ActiveCfg = Debug|Any CPU
		{ADBD2E3B-589C-4B99-A42C-BD72EACDEA1B}.Debug|Any CPU.Build.0 = Debug|Any CPU
		{ADBD2E3B-589C-4B99-A42C-BD72EACDEA1B}.Debug|x64.ActiveCfg = Debug|Any CPU
		{ADBD2E3B-589C-4B99-A42C-BD72EACDEA1B}.Debug|x64.Build.0 = Debug|Any CPU
		{ADBD2E3B-589C-4B99-A42C-BD72EACDEA1B}.Debug|x86.ActiveCfg = Debug|Any CPU
		{ADBD2E3B-589C-4B99-A42C-BD72EACDEA1B}.Debug|x86.Build.0 = Debug|Any CPU
		{ADBD2E3B-589C-4B99-A42C-BD72EACDEA1B}.Release|Any CPU.ActiveCfg = Release|Any CPU
		{ADBD2E3B-589C-4B99-A42C-BD72EACDEA1B}.Release|Any CPU.Build.0 = Release|Any CPU
		{ADBD2E3B-589C-4B99-A42C-BD72EACDEA1B}.Release|x64.ActiveCfg = Release|Any CPU
		{ADBD2E3B-589C-4B99-A42C-BD72EACDEA1B}.Release|x64.Build.0 = Release|Any CPU
		{ADBD2E3B-589C-4B99-A42C-BD72EACDEA1B}.Release|x86.ActiveCfg = Release|Any CPU
		{ADBD2E3B-589C-4B99-A42C-BD72EACDEA1B}.Release|x86.Build.0 = Release|Any CPU
		{75B9B03B-F70E-44C4-9B5D-047F17AC7757}.Debug|Any CPU.ActiveCfg = Debug|Any CPU
		{75B9B03B-F70E-44C4-9B5D-047F17AC7757}.Debug|Any CPU.Build.0 = Debug|Any CPU
		{75B9B03B-F70E-44C4-9B5D-047F17AC7757}.Debug|x64.ActiveCfg = Debug|Any CPU
		{75B9B03B-F70E-44C4-9B5D-047F17AC7757}.Debug|x64.Build.0 = Debug|Any CPU
		{75B9B03B-F70E-44C4-9B5D-047F17AC7757}.Debug|x86.ActiveCfg = Debug|Any CPU
		{75B9B03B-F70E-44C4-9B5D-047F17AC7757}.Debug|x86.Build.0 = Debug|Any CPU
		{75B9B03B-F70E-44C4-9B5D-047F17AC7757}.Release|Any CPU.ActiveCfg = Release|Any CPU
		{75B9B03B-F70E-44C4-9B5D-047F17AC7757}.Release|Any CPU.Build.0 = Release|Any CPU
		{75B9B03B-F70E-44C4-9B5D-047F17AC7757}.Release|x64.ActiveCfg = Release|Any CPU
		{75B9B03B-F70E-44C4-9B5D-047F17AC7757}.Release|x64.Build.0 = Release|Any CPU
		{75B9B03B-F70E-44C4-9B5D-047F17AC7757}.Release|x86.ActiveCfg = Release|Any CPU
		{75B9B03B-F70E-44C4-9B5D-047F17AC7757}.Release|x86.Build.0 = Release|Any CPU
	EndGlobalSection
	GlobalSection(SolutionProperties) = preSolution
		HideSolutionNode = FALSE
	EndGlobalSection
	GlobalSection(NestedProjects) = preSolution
		{95D331DA-A681-4C89-92D7-5895B34159C1} = {4D57C22E-111C-44C8-B7FB-4317929E2B32}
		{29EEFE81-5BC4-4B08-A819-8249D5F04FD1} = {3C2FE806-4D11-4B59-AEA4-767BD96BF82B}
		{375679DB-3D6D-475F-9568-6D22169258FC} = {4D57C22E-111C-44C8-B7FB-4317929E2B32}
		{ADBD2E3B-589C-4B99-A42C-BD72EACDEA1B} = {4D57C22E-111C-44C8-B7FB-4317929E2B32}
		{75B9B03B-F70E-44C4-9B5D-047F17AC7757} = {4D57C22E-111C-44C8-B7FB-4317929E2B32}
		{3C2FE806-4D11-4B59-AEA4-767BD96BF82B} = {4D57C22E-111C-44C8-B7FB-4317929E2B32}
	EndGlobalSection
	GlobalSection(ExtensibilityGlobals) = postSolution
		SolutionGuid = {3A3DEB5E-D469-44E8-9CAD-37EFAC8D1481}
	EndGlobalSection
EndGlobal
